
Microsoft Visual Studio Solution File, Format Version 12.00
# Visual Studio Version 16
VisualStudioVersion = 16.0.31105.61
MinimumVisualStudioVersion = 10.0.40219.1
Project("{9A19103F-16F7-4668-BE54-9A1E7A4F7556}") = "Assignment3Library", "Assignment3Library.csproj", "{77011537-D2E8-4125-AC02-27411F64FAEE}"
EndProject
Project("{FAE04EC0-301F-11D3-BF4B-00C04F79EFBC}") = "Assignment3 MainApp", "..\..\Assignment3 MainApp\Assignment3 MainApp\Assignment3 MainApp.csproj", "{E0786395-163D-488B-A4ED-85D664B15100}"
EndProject
Global
	GlobalSection(SolutionConfigurationPlatforms) = preSolution
		Debug|Any CPU = Debug|Any CPU
		Release|Any CPU = Release|Any CPU
	EndGlobalSection
	GlobalSection(ProjectConfigurationPlatforms) = postSolution
		{77011537-D2E8-4125-AC02-27411F64FAEE}.Debug|Any CPU.ActiveCfg = Debug|Any CPU
		{77011537-D2E8-4125-AC02-27411F64FAEE}.Debug|Any CPU.Build.0 = Debug|Any CPU
		{77011537-D2E8-4125-AC02-27411F64FAEE}.Release|Any CPU.ActiveCfg = Release|Any CPU
		{77011537-D2E8-4125-AC02-27411F64FAEE}.Release|Any CPU.Build.0 = Release|Any CPU
		{E0786395-163D-488B-A4ED-85D664B15100}.Debug|Any CPU.ActiveCfg = Debug|Any CPU
		{E0786395-163D-488B-A4ED-85D664B15100}.Debug|Any CPU.Build.0 = Debug|Any CPU
		{E0786395-163D-488B-A4ED-85D664B15100}.Release|Any CPU.ActiveCfg = Release|Any CPU
		{E0786395-163D-488B-A4ED-85D664B15100}.Release|Any CPU.Build.0 = Release|Any CPU
	EndGlobalSection
	GlobalSection(SolutionProperties) = preSolution
		HideSolutionNode = FALSE
	EndGlobalSection
	GlobalSection(ExtensibilityGlobals) = postSolution
		SolutionGuid = {7F839836-589B-4511-8A78-975F93DE38C3}
	EndGlobalSection
EndGlobal
